
Microsoft Visual Studio Solution File, Format Version 12.00
# Visual Studio Version 16
VisualStudioVersion = 16.0.30717.126
MinimumVisualStudioVersion = 10.0.40219.1
Project("{FAE04EC0-301F-11D3-BF4B-00C04F79EFBC}") = "ConsoleApp2", "ConsoleApp2\ConsoleApp2.csproj", "{F211FBBF-D226-4A7A-876D-B8DC1E55AFAA}"
EndProject
Global
	GlobalSection(SolutionConfigurationPlatforms) = preSolution
		Debug|Any CPU = Debug|Any CPU
		Release|Any CPU = Release|Any CPU
	EndGlobalSection
	GlobalSection(ProjectConfigurationPlatforms) = postSolution
		{F211FBBF-D226-4A7A-876D-B8DC1E55AFAA}.Debug|Any CPU.ActiveCfg = Debug|Any CPU
		{F211FBBF-D226-4A7A-876D-B8DC1E55AFAA}.Debug|Any CPU.Build.0 = Debug|Any CPU
		{F211FBBF-D226-4A7A-876D-B8DC1E55AFAA}.Release|Any CPU.ActiveCfg = Release|Any CPU
		{F211FBBF-D226-4A7A-876D-B8DC1E55AFAA}.Release|Any CPU.Build.0 = Release|Any CPU
	EndGlobalSection
	GlobalSection(SolutionProperties) = preSolution
		HideSolutionNode = FALSE
	EndGlobalSection
	GlobalSection(ExtensibilityGlobals) = postSolution
		SolutionGuid = {B823B656-FA58-4D15-B3B4-F8564FB66267}
	EndGlobalSection
EndGlobal
